# THIS IS AN AUTOGENERATED FILE. DO NOT EDIT THIS FILE DIRECTLY.
# yarn lockfile v1


chess.js@^1.0.0-beta.8:
  version "1.4.0"
  resolved "https://registry.yarnpkg.com/chess.js/-/chess.js-1.4.0.tgz#edc1439492d1a0d7f530ba72b2b5398baece28a1"
  integrity sha512-BBJgrrtKQOzFLonR0l+k64A98NLemPwNsCskwb+29bRwobUa4iTm51E1kwGPbWXAcfdDa18nad6vpPPKPWarqw==

stockfish.js@^10.0.2:
  version "10.0.2"
  resolved "https://registry.yarnpkg.com/stockfish.js/-/stockfish.js-10.0.2.tgz#c8206aa3b0290171ace52b463a74112ea1f83989"
  integrity sha512-treB3AYcdvRJ9SDPOyL0R2NcEAtQgG432nStfRzR4wzVELGQ6iVoeBHwvirHTfocNOTims7XNkK3SADaocsJmQ==

stockfish.wasm@^0.10.0:
  version "0.10.0"
  resolved "https://registry.yarnpkg.com/stockfish.wasm/-/stockfish.wasm-0.10.0.tgz#dc3ef4d98a2a79724c29510d39d89e4a5f0f1888"
  integrity sha512-OTvOlz0ijCSmIb/YvOZ1Dn6vwZVS4Ge3N+RcV0d2b6LXUtCJ9UwmBHypRW3DZ+VXf8WNm7E3P+6jMTVvb3QaBg==
